
Microsoft Visual Studio Solution File, Format Version 12.00
# Visual Studio Version 17
VisualStudioVersion = 17.0.31903.59
MinimumVisualStudioVersion = 10.0.40219.1
Project("{2150E333-8FDC-42A3-9474-1A3956D46DE8}") = "src", "src", "{827E0CD3-B72D-47B6-A68D-7590B98EB39B}"
EndProject
Project("{FAE04EC0-301F-11D3-BF4B-00C04F79EFBC}") = "ECG.Core", "src\ECG.Core\ECG.Core.csproj", "{012EFC52-822B-4969-8307-4FDB5DF76647}"
EndProject
Project("{FAE04EC0-301F-11D3-BF4B-00C04F79EFBC}") = "ECG.Graph", "src\ECG.Graph\ECG.Graph.csproj", "{4C288D9F-8DE4-4FE1-A17D-29056A672F5E}"
EndProject
Project("{FAE04EC0-301F-11D3-BF4B-00C04F79EFBC}") = "ECG.Api", "src\ECG.Api\ECG.Api.csproj", "{01595319-BD2E-441F-92D9-24DF42EE8612}"
EndProject
Project("{FAE04EC0-301F-11D3-BF4B-00C04F79EFBC}") = "ECG.Streaming", "src\ECG.Streaming\ECG.Streaming.csproj", "{F4ED17B1-F834-4C74-B708-B2E59788FC70}"
EndProject
Project("{FAE04EC0-301F-11D3-BF4B-00C04F79EFBC}") = "ECG.Federation", "src\ECG.Federation\ECG.Federation.csproj", "{C22E807E-D8AE-4F78-A24E-EAA297824729}"
EndProject
Project("{FAE04EC0-301F-11D3-BF4B-00C04F79EFBC}") = "ECG.Graph.Tests", "tests\ECG.Graph.Tests\ECG.Graph.Tests.csproj", "{FBCD775D-074F-4335-A0B4-CE813FAB0798}"
EndProject
Global
	GlobalSection(SolutionConfigurationPlatforms) = preSolution
		Debug|Any CPU = Debug|Any CPU
		Debug|x64 = Debug|x64
		Debug|x86 = Debug|x86
		Release|Any CPU = Release|Any CPU
		Release|x64 = Release|x64
		Release|x86 = Release|x86
	EndGlobalSection
	GlobalSection(ProjectConfigurationPlatforms) = postSolution
		{012EFC52-822B-4969-8307-4FDB5DF76647}.Debug|Any CPU.ActiveCfg = Debug|Any CPU
		{012EFC52-822B-4969-8307-4FDB5DF76647}.Debug|Any CPU.Build.0 = Debug|Any CPU
		{012EFC52-822B-4969-8307-4FDB5DF76647}.Debug|x64.ActiveCfg = Debug|Any CPU
		{012EFC52-822B-4969-8307-4FDB5DF76647}.Debug|x64.Build.0 = Debug|Any CPU
		{012EFC52-822B-4969-8307-4FDB5DF76647}.Debug|x86.ActiveCfg = Debug|Any CPU
		{012EFC52-822B-4969-8307-4FDB5DF76647}.Debug|x86.Build.0 = Debug|Any CPU
		{012EFC52-822B-4969-8307-4FDB5DF76647}.Release|Any CPU.ActiveCfg = Release|Any CPU
		{012EFC52-822B-4969-8307-4FDB5DF76647}.Release|Any CPU.Build.0 = Release|Any CPU
		{012EFC52-822B-4969-8307-4FDB5DF76647}.Release|x64.ActiveCfg = Release|Any CPU
		{012EFC52-822B-4969-8307-4FDB5DF76647}.Release|x64.Build.0 = Release|Any CPU
		{012EFC52-822B-4969-8307-4FDB5DF76647}.Release|x86.ActiveCfg = Release|Any CPU
		{012EFC52-822B-4969-8307-4FDB5DF76647}.Release|x86.Build.0 = Release|Any CPU
		{4C288D9F-8DE4-4FE1-A17D-29056A672F5E}.Debug|Any CPU.ActiveCfg = Debug|Any CPU
		{4C288D9F-8DE4-4FE1-A17D-29056A672F5E}.Debug|Any CPU.Build.0 = Debug|Any CPU
		{4C288D9F-8DE4-4FE1-A17D-29056A672F5E}.Debug|x64.ActiveCfg = Debug|Any CPU
		{4C288D9F-8DE4-4FE1-A17D-29056A672F5E}.Debug|x64.Build.0 = Debug|Any CPU
		{4C288D9F-8DE4-4FE1-A17D-29056A672F5E}.Debug|x86.ActiveCfg = Debug|Any CPU
		{4C288D9F-8DE4-4FE1-A17D-29056A672F5E}.Debug|x86.Build.0 = Debug|Any CPU
		{4C288D9F-8DE4-4FE1-A17D-29056A672F5E}.Release|Any CPU.ActiveCfg = Release|Any CPU
		{4C288D9F-8DE4-4FE1-A17D-29056A672F5E}.Release|Any CPU.Build.0 = Release|Any CPU
		{4C288D9F-8DE4-4FE1-A17D-29056A672F5E}.Release|x64.ActiveCfg = Release|Any CPU
		{4C288D9F-8DE4-4FE1-A17D-29056A672F5E}.Release|x64.Build.0 = Release|Any CPU
		{4C288D9F-8DE4-4FE1-A17D-29056A672F5E}.Release|x86.ActiveCfg = Release|Any CPU
		{4C288D9F-8DE4-4FE1-A17D-29056A672F5E}.Release|x86.Build.0 = Release|Any CPU
		{01595319-BD2E-441F-92D9-24DF42EE8612}.Debug|Any CPU.ActiveCfg = Debug|Any CPU
		{01595319-BD2E-441F-92D9-24DF42EE8612}.Debug|Any CPU.Build.0 = Debug|Any CPU
		{01595319-BD2E-441F-92D9-24DF42EE8612}.Debug|x64.ActiveCfg = Debug|Any CPU
		{01595319-BD2E-441F-92D9-24DF42EE8612}.Debug|x64.Build.0 = Debug|Any CPU
		{01595319-BD2E-441F-92D9-24DF42EE8612}.Debug|x86.ActiveCfg = Debug|Any CPU
		{01595319-BD2E-441F-92D9-24DF42EE8612}.Debug|x86.Build.0 = Debug|Any CPU
		{01595319-BD2E-441F-92D9-24DF42EE8612}.Release|Any CPU.ActiveCfg = Release|Any CPU
		{01595319-BD2E-441F-92D9-24DF42EE8612}.Release|Any CPU.Build.0 = Release|Any CPU
		{01595319-BD2E-441F-92D9-24DF42EE8612}.Release|x64.ActiveCfg = Release|Any CPU
		{01595319-BD2E-441F-92D9-24DF42EE8612}.Release|x64.Build.0 = Release|Any CPU
		{01595319-BD2E-441F-92D9-24DF42EE8612}.Release|x86.ActiveCfg = Release|Any CPU
		{01595319-BD2E-441F-92D9-24DF42EE8612}.Release|x86.Build.0 = Release|Any CPU
		{F4ED17B1-F834-4C74-B708-B2E59788FC70}.Debug|Any CPU.ActiveCfg = Debug|Any CPU
		{F4ED17B1-F834-4C74-B708-B2E59788FC70}.Debug|Any CPU.Build.0 = Debug|Any CPU
		{F4ED17B1-F834-4C74-B708-B2E59788FC70}.Debug|x64.ActiveCfg = Debug|Any CPU
		{F4ED17B1-F834-4C74-B708-B2E59788FC70}.Debug|x64.Build.0 = Debug|Any CPU
		{F4ED17B1-F834-4C74-B708-B2E59788FC70}.Debug|x86.ActiveCfg = Debug|Any CPU
		{F4ED17B1-F834-4C74-B708-B2E59788FC70}.Debug|x86.Build.0 = Debug|Any CPU
		{F4ED17B1-F834-4C74-B708-B2E59788FC70}.Release|Any CPU.ActiveCfg = Release|Any CPU
		{F4ED17B1-F834-4C74-B708-B2E59788FC70}.Release|Any CPU.Build.0 = Release|Any CPU
		{F4ED17B1-F834-4C74-B708-B2E59788FC70}.Release|x64.ActiveCfg = Release|Any CPU
		{F4ED17B1-F834-4C74-B708-B2E59788FC70}.Release|x64.Build.0 = Release|Any CPU
		{F4ED17B1-F834-4C74-B708-B2E59788FC70}.Release|x86.ActiveCfg = Release|Any CPU
		{F4ED17B1-F834-4C74-B708-B2E59788FC70}.Release|x86.Build.0 = Release|Any CPU
		{C22E807E-D8AE-4F78-A24E-EAA297824729}.Debug|Any CPU.ActiveCfg = Debug|Any CPU
		{C22E807E-D8AE-4F78-A24E-EAA297824729}.Debug|Any CPU.Build.0 = Debug|Any CPU
		{C22E807E-D8AE-4F78-A24E-EAA297824729}.Debug|x64.ActiveCfg = Debug|Any CPU
		{C22E807E-D8AE-4F78-A24E-EAA297824729}.Debug|x64.Build.0 = Debug|Any CPU
		{C22E807E-D8AE-4F78-A24E-EAA297824729}.Debug|x86.ActiveCfg = Debug|Any CPU
		{C22E807E-D8AE-4F78-A24E-EAA297824729}.Debug|x86.Build.0 = Debug|Any CPU
		{C22E807E-D8AE-4F78-A24E-EAA297824729}.Release|Any CPU.ActiveCfg = Release|Any CPU
		{C22E807E-D8AE-4F78-A24E-EAA297824729}.Release|Any CPU.Build.0 = Release|Any CPU
		{C22E807E-D8AE-4F78-A24E-EAA297824729}.Release|x64.ActiveCfg = Release|Any CPU
		{C22E807E-D8AE-4F78-A24E-EAA297824729}.Release|x64.Build.0 = Release|Any CPU
		{C22E807E-D8AE-4F78-A24E-EAA297824729}.Release|x86.ActiveCfg = Release|Any CPU
		{C22E807E-D8AE-4F78-A24E-EAA297824729}.Release|x86.Build.0 = Release|Any CPU
		{FBCD775D-074F-4335-A0B4-CE813FAB0798}.Debug|Any CPU.ActiveCfg = Debug|Any CPU
		{FBCD775D-074F-4335-A0B4-CE813FAB0798}.Debug|Any CPU.Build.0 = Debug|Any CPU
		{FBCD775D-074F-4335-A0B4-CE813FAB0798}.Debug|x64.ActiveCfg = Debug|Any CPU
		{FBCD775D-074F-4335-A0B4-CE813FAB0798}.Debug|x64.Build.0 = Debug|Any CPU
		{FBCD775D-074F-4335-A0B4-CE813FAB0798}.Debug|x86.ActiveCfg = Debug|Any CPU
		{FBCD775D-074F-4335-A0B4-CE813FAB0798}.Debug|x86.Build.0 = Debug|Any CPU
		{FBCD775D-074F-4335-A0B4-CE813FAB0798}.Release|Any CPU.ActiveCfg = Release|Any CPU
		{FBCD775D-074F-4335-A0B4-CE813FAB0798}.Release|Any CPU.Build.0 = Release|Any CPU
		{FBCD775D-074F-4335-A0B4-CE813FAB0798}.Release|x64.ActiveCfg = Release|Any CPU
		{FBCD775D-074F-4335-A0B4-CE813FAB0798}.Release|x64.Build.0 = Release|Any CPU
		{FBCD775D-074F-4335-A0B4-CE813FAB0798}.Release|x86.ActiveCfg = Release|Any CPU
		{FBCD775D-074F-4335-A0B4-CE813FAB0798}.Release|x86.Build.0 = Release|Any CPU
	EndGlobalSection
	GlobalSection(SolutionProperties) = preSolution
		HideSolutionNode = FALSE
	EndGlobalSection
	GlobalSection(NestedProjects) = preSolution
		{012EFC52-822B-4969-8307-4FDB5DF76647} = {827E0CD3-B72D-47B6-A68D-7590B98EB39B}
		{4C288D9F-8DE4-4FE1-A17D-29056A672F5E} = {827E0CD3-B72D-47B6-A68D-7590B98EB39B}
		{01595319-BD2E-441F-92D9-24DF42EE8612} = {827E0CD3-B72D-47B6-A68D-7590B98EB39B}
		{F4ED17B1-F834-4C74-B708-B2E59788FC70} = {827E0CD3-B72D-47B6-A68D-7590B98EB39B}
		{C22E807E-D8AE-4F78-A24E-EAA297824729} = {827E0CD3-B72D-47B6-A68D-7590B98EB39B}
		{FBCD775D-074F-4335-A0B4-CE813FAB0798} = {827E0CD3-B72D-47B6-A68D-7590B98EB39B}
	EndGlobalSection
EndGlobal
